// !$*UTF8*$!
{
	archiveVersion = 1;
	classes = {
	};
	objectVersion = 56;
	objects = {

/* Begin PBXBuildFile section */
		5C10CC2A2B9AF1A600EC13AA /* AssignmentClapingoApp.swift in Sources */ = {isa = PBXBuildFile; fileRef = 5C10CC292B9AF1A600EC13AA /* AssignmentClapingoApp.swift */; };
		5C10CC2C2B9AF1A600EC13AA /* ContentView.swift in Sources */ = {isa = PBXBuildFile; fileRef = 5C10CC2B2B9AF1A600EC13AA /* ContentView.swift */; };
		5C10CC2E2B9AF1A900EC13AA /* Assets.xcassets in Resources */ = {isa = PBXBuildFile; fileRef = 5C10CC2D2B9AF1A900EC13AA /* Assets.xcassets */; };
		5C10CC312B9AF1A900EC13AA /* Preview Assets.xcassets in Resources */ = {isa = PBXBuildFile; fileRef = 5C10CC302B9AF1A900EC13AA /* Preview Assets.xcassets */; };
		5C10CC382B9AF38600EC13AA /* HomeView.swift in Sources */ = {isa = PBXBuildFile; fileRef = 5C10CC372B9AF38600EC13AA /* HomeView.swift */; };
		5C10CC3A2B9AF39700EC13AA /* SessionView.swift in Sources */ = {isa = PBXBuildFile; fileRef = 5C10CC392B9AF39700EC13AA /* SessionView.swift */; };
		5C10CC3C2B9AF3A600EC13AA /* ReferEarnView.swift in Sources */ = {isa = PBXBuildFile; fileRef = 5C10CC3B2B9AF3A600EC13AA /* ReferEarnView.swift */; };
		5C10CC3E2B9AF3B300EC13AA /* ProfileView.swift in Sources */ = {isa = PBXBuildFile; fileRef = 5C10CC3D2B9AF3B300EC13AA /* ProfileView.swift */; };
		5C331E462B9B6D9A00C05D8C /* MiddleDeckUI.swift in Sources */ = {isa = PBXBuildFile; fileRef = 5C331E452B9B6D9A00C05D8C /* MiddleDeckUI.swift */; };
		5C331E492B9B6FC500C05D8C /* MiddleLowerDeckUI.swift in Sources */ = {isa = PBXBuildFile; fileRef = 5C331E482B9B6FC500C05D8C /* MiddleLowerDeckUI.swift */; };
		5C3FB5662B9B2424008D881B /* UpperDeckUI.swift in Sources */ = {isa = PBXBuildFile; fileRef = 5C3FB5652B9B2424008D881B /* UpperDeckUI.swift */; };
		5C3FB5692B9B305B008D881B /* WordView.swift in Sources */ = {isa = PBXBuildFile; fileRef = 5C3FB5682B9B305B008D881B /* WordView.swift */; };
		5C3FB56C2B9B3331008D881B /* Word.swift in Sources */ = {isa = PBXBuildFile; fileRef = 5C3FB56B2B9B3331008D881B /* Word.swift */; };
		5C74D64F2B9B780B00C684E3 /* LowerDeckUI.swift in Sources */ = {isa = PBXBuildFile; fileRef = 5C74D64E2B9B780B00C684E3 /* LowerDeckUI.swift */; };
		5C74D6512B9B78C200C684E3 /* UpComingSessions.swift in Sources */ = {isa = PBXBuildFile; fileRef = 5C74D6502B9B78C200C684E3 /* UpComingSessions.swift */; };
		5C74D6552B9B7A7400C684E3 /* Card.swift in Sources */ = {isa = PBXBuildFile; fileRef = 5C74D6542B9B7A7400C684E3 /* Card.swift */; };
		5C74D6572B9B7DAF00C684E3 /* CourseOutlineView.swift in Sources */ = {isa = PBXBuildFile; fileRef = 5C74D6562B9B7DAF00C684E3 /* CourseOutlineView.swift */; };
		5CEB5CBE2B9B7FCA00FE5468 /* CardView.swift in Sources */ = {isa = PBXBuildFile; fileRef = 5CEB5CBD2B9B7FB900FE5468 /* CardView.swift */; };
		5CEB5CC02B9B812500FE5468 /* VideoLibrary.swift in Sources */ = {isa = PBXBuildFile; fileRef = 5CEB5CBF2B9B812500FE5468 /* VideoLibrary.swift */; };
/* End PBXBuildFile section */

/* Begin PBXFileReference section */
		5C10CC262B9AF1A600EC13AA /* AssignmentClapingo.app */ = {isa = PBXFileReference; explicitFileType = wrapper.application; includeInIndex = 0; path = AssignmentClapingo.app; sourceTree = BUILT_PRODUCTS_DIR; };
		5C10CC292B9AF1A600EC13AA /* AssignmentClapingoApp.swift */ = {isa = PBXFileReference; lastKnownFileType = sourcecode.swift; path = AssignmentClapingoApp.swift; sourceTree = "<group>"; };
		5C10CC2B2B9AF1A600EC13AA /* ContentView.swift */ = {isa = PBXFileReference; lastKnownFileType = sourcecode.swift; path = ContentView.swift; sourceTree = "<group>"; };
		5C10CC2D2B9AF1A900EC13AA /* Assets.xcassets */ = {isa = PBXFileReference; lastKnownFileType = folder.assetcatalog; path = Assets.xcassets; sourceTree = "<group>"; };
		5C10CC302B9AF1A900EC13AA /* Preview Assets.xcassets */ = {isa = PBXFileReference; lastKnownFileType = folder.assetcatalog; path = "Preview Assets.xcassets"; sourceTree = "<group>"; };
		5C10CC372B9AF38600EC13AA /* HomeView.swift */ = {isa = PBXFileReference; lastKnownFileType = sourcecode.swift; path = HomeView.swift; sourceTree = "<group>"; };
		5C10CC392B9AF39700EC13AA /* SessionView.swift */ = {isa = PBXFileReference; lastKnownFileType = sourcecode.swift; path = SessionView.swift; sourceTree = "<group>"; };
		5C10CC3B2B9AF3A600EC13AA /* ReferEarnView.swift */ = {isa = PBXFileReference; lastKnownFileType = sourcecode.swift; path = ReferEarnView.swift; sourceTree = "<group>"; };
		5C10CC3D2B9AF3B300EC13AA /* ProfileView.swift */ = {isa = PBXFileReference; lastKnownFileType = sourcecode.swift; path = ProfileView.swift; sourceTree = "<group>"; };
		5C331E452B9B6D9A00C05D8C /* MiddleDeckUI.swift */ = {isa = PBXFileReference; lastKnownFileType = sourcecode.swift; path = MiddleDeckUI.swift; sourceTree = "<group>"; };
		5C331E482B9B6FC500C05D8C /* MiddleLowerDeckUI.swift */ = {isa = PBXFileReference; lastKnownFileType = sourcecode.swift; path = MiddleLowerDeckUI.swift; sourceTree = "<group>"; };
		5C3FB5522B9B21B5008D881B /* Poppins-Black.otf */ = {isa = PBXFileReference; lastKnownFileType = file; path = "Poppins-Black.otf"; sourceTree = "<group>"; };
		5C3FB5532B9B21B5008D881B /* Poppins-BoldItalic.otf */ = {isa = PBXFileReference; lastKnownFileType = file; path = "Poppins-BoldItalic.otf"; sourceTree = "<group>"; };
		5C3FB5542B9B21B5008D881B /* Poppins-Italic.otf */ = {isa = PBXFileReference; lastKnownFileType = file; path = "Poppins-Italic.otf"; sourceTree = "<group>"; };
		5C3FB5552B9B21B6008D881B /* Poppins-Bold.otf */ = {isa = PBXFileReference; lastKnownFileType = file; path = "Poppins-Bold.otf"; sourceTree = "<group>"; };
		5C3FB5562B9B21B8008D881B /* Poppins-Medium.otf */ = {isa = PBXFileReference; lastKnownFileType = file; path = "Poppins-Medium.otf"; sourceTree = "<group>"; };
		5C3FB5572B9B21B9008D881B /* Poppins-Regular.otf */ = {isa = PBXFileReference; lastKnownFileType = file; path = "Poppins-Regular.otf"; sourceTree = "<group>"; };
		5C3FB5582B9B21B9008D881B /* Poppins-MediumItalic.otf */ = {isa = PBXFileReference; lastKnownFileType = file; path = "Poppins-MediumItalic.otf"; sourceTree = "<group>"; };
		5C3FB5592B9B21B9008D881B /* Poppins-Thin.otf */ = {isa = PBXFileReference; lastKnownFileType = file; path = "Poppins-Thin.otf"; sourceTree = "<group>"; };
		5C3FB55A2B9B21BA008D881B /* Poppins-ExtraLight.otf */ = {isa = PBXFileReference; lastKnownFileType = file; path = "Poppins-ExtraLight.otf"; sourceTree = "<group>"; };
		5C3FB55B2B9B21BA008D881B /* Poppins-Light.otf */ = {isa = PBXFileReference; lastKnownFileType = file; path = "Poppins-Light.otf"; sourceTree = "<group>"; };
		5C3FB55C2B9B21BD008D881B /* Poppins-ExtraBold.otf */ = {isa = PBXFileReference; lastKnownFileType = file; path = "Poppins-ExtraBold.otf"; sourceTree = "<group>"; };
		5C3FB55D2B9B21BE008D881B /* Poppins-LightItalic.otf */ = {isa = PBXFileReference; lastKnownFileType = file; path = "Poppins-LightItalic.otf"; sourceTree = "<group>"; };
		5C3FB55E2B9B21BE008D881B /* Poppins-BlackItalic.otf */ = {isa = PBXFileReference; lastKnownFileType = file; path = "Poppins-BlackItalic.otf"; sourceTree = "<group>"; };
		5C3FB55F2B9B21BF008D881B /* Poppins-ExtraLightItalic.otf */ = {isa = PBXFileReference; lastKnownFileType = file; path = "Poppins-ExtraLightItalic.otf"; sourceTree = "<group>"; };
		5C3FB5602B9B21BF008D881B /* Poppins-ThinItalic.otf */ = {isa = PBXFileReference; lastKnownFileType = file; path = "Poppins-ThinItalic.otf"; sourceTree = "<group>"; };
		5C3FB5612B9B21BF008D881B /* Poppins-SemiBold.otf */ = {isa = PBXFileReference; lastKnownFileType = file; path = "Poppins-SemiBold.otf"; sourceTree = "<group>"; };
		5C3FB5622B9B21BF008D881B /* Poppins-SemiBoldItalic.otf */ = {isa = PBXFileReference; lastKnownFileType = file; path = "Poppins-SemiBoldItalic.otf"; sourceTree = "<group>"; };
		5C3FB5632B9B21C0008D881B /* Poppins-ExtraBoldItalic.otf */ = {isa = PBXFileReference; lastKnownFileType = file; path = "Poppins-ExtraBoldItalic.otf"; sourceTree = "<group>"; };
		5C3FB5642B9B21DC008D881B /* Info.plist */ = {isa = PBXFileReference; lastKnownFileType = text.plist; path = Info.plist; sourceTree = "<group>"; };
		5C3FB5652B9B2424008D881B /* UpperDeckUI.swift */ = {isa = PBXFileReference; lastKnownFileType = sourcecode.swift; path = UpperDeckUI.swift; sourceTree = "<group>"; };
		5C3FB5682B9B305B008D881B /* WordView.swift */ = {isa = PBXFileReference; lastKnownFileType = sourcecode.swift; path = WordView.swift; sourceTree = "<group>"; };
		5C3FB56B2B9B3331008D881B /* Word.swift */ = {isa = PBXFileReference; lastKnownFileType = sourcecode.swift; path = Word.swift; sourceTree = "<group>"; };
		5C74D64E2B9B780B00C684E3 /* LowerDeckUI.swift */ = {isa = PBXFileReference; lastKnownFileType = sourcecode.swift; path = LowerDeckUI.swift; sourceTree = "<group>"; };
		5C74D6502B9B78C200C684E3 /* UpComingSessions.swift */ = {isa = PBXFileReference; lastKnownFileType = sourcecode.swift; path = UpComingSessions.swift; sourceTree = "<group>"; };
		5C74D6542B9B7A7400C684E3 /* Card.swift */ = {isa = PBXFileReference; lastKnownFileType = sourcecode.swift; path = Card.swift; sourceTree = "<group>"; };
		5C74D6562B9B7DAF00C684E3 /* CourseOutlineView.swift */ = {isa = PBXFileReference; lastKnownFileType = sourcecode.swift; path = CourseOutlineView.swift; sourceTree = "<group>"; };
		5CEB5CBD2B9B7FB900FE5468 /* CardView.swift */ = {isa = PBXFileReference; lastKnownFileType = sourcecode.swift; path = CardView.swift; sourceTree = "<group>"; };
		5CEB5CBF2B9B812500FE5468 /* VideoLibrary.swift */ = {isa = PBXFileReference; lastKnownFileType = sourcecode.swift; path = VideoLibrary.swift; sourceTree = "<group>"; };
/* End PBXFileReference section */

/* Begin PBXFrameworksBuildPhase section */
		5C10CC232B9AF1A600EC13AA /* Frameworks */ = {
			isa = PBXFrameworksBuildPhase;
			buildActionMask = 2147483647;
			files = (
			);
			runOnlyForDeploymentPostprocessing = 0;
		};
/* End PBXFrameworksBuildPhase section */

/* Begin PBXGroup section */
		5C10CC1D2B9AF1A500EC13AA = {
			isa = PBXGroup;
			children = (
				5C10CC282B9AF1A600EC13AA /* AssignmentClapingo */,
				5C10CC272B9AF1A600EC13AA /* Products */,
			);
			sourceTree = "<group>";
		};
		5C10CC272B9AF1A600EC13AA /* Products */ = {
			isa = PBXGroup;
			children = (
				5C10CC262B9AF1A600EC13AA /* AssignmentClapingo.app */,
			);
			name = Products;
			sourceTree = "<group>";
		};
		5C10CC282B9AF1A600EC13AA /* AssignmentClapingo */ = {
			isa = PBXGroup;
			children = (
				5C3FB5642B9B21DC008D881B /* Info.plist */,
				5C10CC292B9AF1A600EC13AA /* AssignmentClapingoApp.swift */,
				5C3FB56A2B9B3324008D881B /* Model */,
				5C3FB5512B9B2195008D881B /* Fonts */,
				5C10CC3F2B9AF3E600EC13AA /* Views */,
				5C10CC2D2B9AF1A900EC13AA /* Assets.xcassets */,
				5C10CC2F2B9AF1A900EC13AA /* Preview Content */,
			);
			path = AssignmentClapingo;
			sourceTree = "<group>";
		};
		5C10CC2F2B9AF1A900EC13AA /* Preview Content */ = {
			isa = PBXGroup;
			children = (
				5C10CC302B9AF1A900EC13AA /* Preview Assets.xcassets */,
			);
			path = "Preview Content";
			sourceTree = "<group>";
		};
		5C10CC3F2B9AF3E600EC13AA /* Views */ = {
			isa = PBXGroup;
			children = (
				5C74D64D2B9B77F700C684E3 /* LowerDeckUI */,
				5C331E472B9B6F9600C05D8C /* MiddleDeckUI */,
				5C3FB5672B9B2FCB008D881B /* Non-Used Views */,
				5C10CC2B2B9AF1A600EC13AA /* ContentView.swift */,
				5C3FB5682B9B305B008D881B /* WordView.swift */,
				5CEB5CBD2B9B7FB900FE5468 /* CardView.swift */,
				5C74D6542B9B7A7400C684E3 /* Card.swift */,
				5C3FB5652B9B2424008D881B /* UpperDeckUI.swift */,
				5C10CC372B9AF38600EC13AA /* HomeView.swift */,
			);
			name = Views;
			path = "New Group";
			sourceTree = "<group>";
		};
		5C331E472B9B6F9600C05D8C /* MiddleDeckUI */ = {
			isa = PBXGroup;
			children = (
				5C331E452B9B6D9A00C05D8C /* MiddleDeckUI.swift */,
				5C331E482B9B6FC500C05D8C /* MiddleLowerDeckUI.swift */,
			);
			path = MiddleDeckUI;
			sourceTree = "<group>";
		};
		5C3FB5512B9B2195008D881B /* Fonts */ = {
			isa = PBXGroup;
			children = (
				5C3FB5522B9B21B5008D881B /* Poppins-Black.otf */,
				5C3FB55E2B9B21BE008D881B /* Poppins-BlackItalic.otf */,
				5C3FB5552B9B21B6008D881B /* Poppins-Bold.otf */,
				5C3FB5532B9B21B5008D881B /* Poppins-BoldItalic.otf */,
				5C3FB55C2B9B21BD008D881B /* Poppins-ExtraBold.otf */,
				5C3FB5632B9B21C0008D881B /* Poppins-ExtraBoldItalic.otf */,
				5C3FB55A2B9B21BA008D881B /* Poppins-ExtraLight.otf */,
				5C3FB55F2B9B21BF008D881B /* Poppins-ExtraLightItalic.otf */,
				5C3FB5542B9B21B5008D881B /* Poppins-Italic.otf */,
				5C3FB55B2B9B21BA008D881B /* Poppins-Light.otf */,
				5C3FB55D2B9B21BE008D881B /* Poppins-LightItalic.otf */,
				5C3FB5562B9B21B8008D881B /* Poppins-Medium.otf */,
				5C3FB5582B9B21B9008D881B /* Poppins-MediumItalic.otf */,
				5C3FB5572B9B21B9008D881B /* Poppins-Regular.otf */,
				5C3FB5612B9B21BF008D881B /* Poppins-SemiBold.otf */,
				5C3FB5622B9B21BF008D881B /* Poppins-SemiBoldItalic.otf */,
				5C3FB5592B9B21B9008D881B /* Poppins-Thin.otf */,
				5C3FB5602B9B21BF008D881B /* Poppins-ThinItalic.otf */,
			);
			path = Fonts;
			sourceTree = "<group>";
		};
		5C3FB5672B9B2FCB008D881B /* Non-Used Views */ = {
			isa = PBXGroup;
			children = (
				5C10CC392B9AF39700EC13AA /* SessionView.swift */,
				5C10CC3B2B9AF3A600EC13AA /* ReferEarnView.swift */,
				5C10CC3D2B9AF3B300EC13AA /* ProfileView.swift */,
			);
			path = "Non-Used Views";
			sourceTree = "<group>";
		};
		5C3FB56A2B9B3324008D881B /* Model */ = {
			isa = PBXGroup;
			children = (
				5C3FB56B2B9B3331008D881B /* Word.swift */,
			);
			path = Model;
			sourceTree = "<group>";
		};
		5C74D64D2B9B77F700C684E3 /* LowerDeckUI */ = {
			isa = PBXGroup;
			children = (
				5C74D64E2B9B780B00C684E3 /* LowerDeckUI.swift */,
				5C74D6502B9B78C200C684E3 /* UpComingSessions.swift */,
				5CEB5CBF2B9B812500FE5468 /* VideoLibrary.swift */,
				5C74D6562B9B7DAF00C684E3 /* CourseOutlineView.swift */,
			);
			path = LowerDeckUI;
			sourceTree = "<group>";
		};
/* End PBXGroup section */

/* Begin PBXNativeTarget section */
		5C10CC252B9AF1A600EC13AA /* AssignmentClapingo */ = {
			isa = PBXNativeTarget;
			buildConfigurationList = 5C10CC342B9AF1A900EC13AA /* Build configuration list for PBXNativeTarget "AssignmentClapingo" */;
			buildPhases = (
				5C10CC222B9AF1A600EC13AA /* Sources */,
				5C10CC232B9AF1A600EC13AA /* Frameworks */,
				5C10CC242B9AF1A600EC13AA /* Resources */,
			);
			buildRules = (
			);
			dependencies = (
			);
			name = AssignmentClapingo;
			productName = AssignmentClapingo;
			productReference = 5C10CC262B9AF1A600EC13AA /* AssignmentClapingo.app */;
			productType = "com.apple.product-type.application";
		};
/* End PBXNativeTarget section */

/* Begin PBXProject section */
		5C10CC1E2B9AF1A600EC13AA /* Project object */ = {
			isa = PBXProject;
			attributes = {
				BuildIndependentTargetsInParallel = 1;
				LastSwiftUpdateCheck = 1400;
				LastUpgradeCheck = 1400;
				TargetAttributes = {
					5C10CC252B9AF1A600EC13AA = {
						CreatedOnToolsVersion = 14.0;
					};
				};
			};
			buildConfigurationList = 5C10CC212B9AF1A600EC13AA /* Build configuration list for PBXProject "AssignmentClapingo" */;
			compatibilityVersion = "Xcode 14.0";
			developmentRegion = en;
			hasScannedForEncodings = 0;
			knownRegions = (
				en,
				Base,
			);
			mainGroup = 5C10CC1D2B9AF1A500EC13AA;
			productRefGroup = 5C10CC272B9AF1A600EC13AA /* Products */;
			projectDirPath = "";
			projectRoot = "";
			targets = (
				5C10CC252B9AF1A600EC13AA /* AssignmentClapingo */,
			);
		};
/* End PBXProject section */

/* Begin PBXResourcesBuildPhase section */
		5C10CC242B9AF1A600EC13AA /* Resources */ = {
			isa = PBXResourcesBuildPhase;
			buildActionMask = 2147483647;
			files = (
				5C10CC312B9AF1A900EC13AA /* Preview Assets.xcassets in Resources */,
				5C10CC2E2B9AF1A900EC13AA /* Assets.xcassets in Resources */,
			);
			runOnlyForDeploymentPostprocessing = 0;
		};
/* End PBXResourcesBuildPhase section */

/* Begin PBXSourcesBuildPhase section */
		5C10CC222B9AF1A600EC13AA /* Sources */ = {
			isa = PBXSourcesBuildPhase;
			buildActionMask = 2147483647;
			files = (
				5C3FB5692B9B305B008D881B /* WordView.swift in Sources */,
				5C331E462B9B6D9A00C05D8C /* MiddleDeckUI.swift in Sources */,
				5C74D64F2B9B780B00C684E3 /* LowerDeckUI.swift in Sources */,
				5C74D6572B9B7DAF00C684E3 /* CourseOutlineView.swift in Sources */,
				5C74D6512B9B78C200C684E3 /* UpComingSessions.swift in Sources */,
				5C3FB5662B9B2424008D881B /* UpperDeckUI.swift in Sources */,
				5C3FB56C2B9B3331008D881B /* Word.swift in Sources */,
				5C10CC382B9AF38600EC13AA /* HomeView.swift in Sources */,
				5CEB5CC02B9B812500FE5468 /* VideoLibrary.swift in Sources */,
				5C331E492B9B6FC500C05D8C /* MiddleLowerDeckUI.swift in Sources */,
				5C10CC2C2B9AF1A600EC13AA /* ContentView.swift in Sources */,
				5C74D6552B9B7A7400C684E3 /* Card.swift in Sources */,
				5C10CC2A2B9AF1A600EC13AA /* AssignmentClapingoApp.swift in Sources */,
				5C10CC3A2B9AF39700EC13AA /* SessionView.swift in Sources */,
				5C10CC3E2B9AF3B300EC13AA /* ProfileView.swift in Sources */,
				5CEB5CBE2B9B7FCA00FE5468 /* CardView.swift in Sources */,
				5C10CC3C2B9AF3A600EC13AA /* ReferEarnView.swift in Sources */,
			);
			runOnlyForDeploymentPostprocessing = 0;
		};
/* End PBXSourcesBuildPhase section */

/* Begin XCBuildConfiguration section */
		5C10CC322B9AF1A900EC13AA /* Debug */ = {
			isa = XCBuildConfiguration;
			buildSettings = {
				ALWAYS_SEARCH_USER_PATHS = NO;
				CLANG_ANALYZER_NONNULL = YES;
				CLANG_ANALYZER_NUMBER_OBJECT_CONVERSION = YES_AGGRESSIVE;
				CLANG_CXX_LANGUAGE_STANDARD = "gnu++20";
				CLANG_ENABLE_MODULES = YES;
				CLANG_ENABLE_OBJC_ARC = YES;
				CLANG_ENABLE_OBJC_WEAK = YES;
				CLANG_WARN_BLOCK_CAPTURE_AUTORELEASING = YES;
				CLANG_WARN_BOOL_CONVERSION = YES;
				CLANG_WARN_COMMA = YES;
				CLANG_WARN_CONSTANT_CONVERSION = YES;
				CLANG_WARN_DEPRECATED_OBJC_IMPLEMENTATIONS = YES;
				CLANG_WARN_DIRECT_OBJC_ISA_USAGE = YES_ERROR;
				CLANG_WARN_DOCUMENTATION_COMMENTS = YES;
				CLANG_WARN_EMPTY_BODY = YES;
				CLANG_WARN_ENUM_CONVERSION = YES;
				CLANG_WARN_INFINITE_RECURSION = YES;
				CLANG_WARN_INT_CONVERSION = YES;
				CLANG_WARN_NON_LITERAL_NULL_CONVERSION = YES;
				CLANG_WARN_OBJC_IMPLICIT_RETAIN_SELF = YES;
				CLANG_WARN_OBJC_LITERAL_CONVERSION = YES;
				CLANG_WARN_OBJC_ROOT_CLASS = YES_ERROR;
				CLANG_WARN_QUOTED_INCLUDE_IN_FRAMEWORK_HEADER = YES;
				CLANG_WARN_RANGE_LOOP_ANALYSIS = YES;
				CLANG_WARN_STRICT_PROTOTYPES = YES;
				CLANG_WARN_SUSPICIOUS_MOVE = YES;
				CLANG_WARN_UNGUARDED_AVAILABILITY = YES_AGGRESSIVE;
				CLANG_WARN_UNREACHABLE_CODE = YES;
				CLANG_WARN__DUPLICATE_METHOD_MATCH = YES;
				COPY_PHASE_STRIP = NO;
				DEBUG_INFORMATION_FORMAT = dwarf;
				ENABLE_STRICT_OBJC_MSGSEND = YES;
				ENABLE_TESTABILITY = YES;
				GCC_C_LANGUAGE_STANDARD = gnu11;
				GCC_DYNAMIC_NO_PIC = NO;
				GCC_NO_COMMON_BLOCKS = YES;
				GCC_OPTIMIZATION_LEVEL = 0;
				GCC_PREPROCESSOR_DEFINITIONS = (
					"DEBUG=1",
					"$(inherited)",
				);
				GCC_WARN_64_TO_32_BIT_CONVERSION = YES;
				GCC_WARN_ABOUT_RETURN_TYPE = YES_ERROR;
				GCC_WARN_UNDECLARED_SELECTOR = YES;
				GCC_WARN_UNINITIALIZED_AUTOS = YES_AGGRESSIVE;
				GCC_WARN_UNUSED_FUNCTION = YES;
				GCC_WARN_UNUSED_VARIABLE = YES;
				IPHONEOS_DEPLOYMENT_TARGET = 16.0;
				MTL_ENABLE_DEBUG_INFO = INCLUDE_SOURCE;
				MTL_FAST_MATH = YES;
				ONLY_ACTIVE_ARCH = YES;
				SDKROOT = iphoneos;
				SWIFT_ACTIVE_COMPILATION_CONDITIONS = DEBUG;
				SWIFT_OPTIMIZATION_LEVEL = "-Onone";
			};
			name = Debug;
		};
		5C10CC332B9AF1A900EC13AA /* Release */ = {
			isa = XCBuildConfiguration;
			buildSettings = {
				ALWAYS_SEARCH_USER_PATHS = NO;
				CLANG_ANALYZER_NONNULL = YES;
				CLANG_ANALYZER_NUMBER_OBJECT_CONVERSION = YES_AGGRESSIVE;
				CLANG_CXX_LANGUAGE_STANDARD = "gnu++20";
				CLANG_ENABLE_MODULES = YES;
				CLANG_ENABLE_OBJC_ARC = YES;
				CLANG_ENABLE_OBJC_WEAK = YES;
				CLANG_WARN_BLOCK_CAPTURE_AUTORELEASING = YES;
				CLANG_WARN_BOOL_CONVERSION = YES;
				CLANG_WARN_COMMA = YES;
				CLANG_WARN_CONSTANT_CONVERSION = YES;
				CLANG_WARN_DEPRECATED_OBJC_IMPLEMENTATIONS = YES;
				CLANG_WARN_DIRECT_OBJC_ISA_USAGE = YES_ERROR;
				CLANG_WARN_DOCUMENTATION_COMMENTS = YES;
				CLANG_WARN_EMPTY_BODY = YES;
				CLANG_WARN_ENUM_CONVERSION = YES;
				CLANG_WARN_INFINITE_RECURSION = YES;
				CLANG_WARN_INT_CONVERSION = YES;
				CLANG_WARN_NON_LITERAL_NULL_CONVERSION = YES;
				CLANG_WARN_OBJC_IMPLICIT_RETAIN_SELF = YES;
				CLANG_WARN_OBJC_LITERAL_CONVERSION = YES;
				CLANG_WARN_OBJC_ROOT_CLASS = YES_ERROR;
				CLANG_WARN_QUOTED_INCLUDE_IN_FRAMEWORK_HEADER = YES;
				CLANG_WARN_RANGE_LOOP_ANALYSIS = YES;
				CLANG_WARN_STRICT_PROTOTYPES = YES;
				CLANG_WARN_SUSPICIOUS_MOVE = YES;
				CLANG_WARN_UNGUARDED_AVAILABILITY = YES_AGGRESSIVE;
				CLANG_WARN_UNREACHABLE_CODE = YES;
				CLANG_WARN__DUPLICATE_METHOD_MATCH = YES;
				COPY_PHASE_STRIP = NO;
				DEBUG_INFORMATION_FORMAT = "dwarf-with-dsym";
				ENABLE_NS_ASSERTIONS = NO;
				ENABLE_STRICT_OBJC_MSGSEND = YES;
				GCC_C_LANGUAGE_STANDARD = gnu11;
				GCC_NO_COMMON_BLOCKS = YES;
				GCC_WARN_64_TO_32_BIT_CONVERSION = YES;
				GCC_WARN_ABOUT_RETURN_TYPE = YES_ERROR;
				GCC_WARN_UNDECLARED_SELECTOR = YES;
				GCC_WARN_UNINITIALIZED_AUTOS = YES_AGGRESSIVE;
				GCC_WARN_UNUSED_FUNCTION = YES;
				GCC_WARN_UNUSED_VARIABLE = YES;
				IPHONEOS_DEPLOYMENT_TARGET = 16.0;
				MTL_ENABLE_DEBUG_INFO = NO;
				MTL_FAST_MATH = YES;
				SDKROOT = iphoneos;
				SWIFT_COMPILATION_MODE = wholemodule;
				SWIFT_OPTIMIZATION_LEVEL = "-O";
				VALIDATE_PRODUCT = YES;
			};
			name = Release;
		};
		5C10CC352B9AF1A900EC13AA /* Debug */ = {
			isa = XCBuildConfiguration;
			buildSettings = {
				ASSETCATALOG_COMPILER_APPICON_NAME = AppIcon;
				ASSETCATALOG_COMPILER_GLOBAL_ACCENT_COLOR_NAME = AccentColor;
				CODE_SIGN_STYLE = Automatic;
				CURRENT_PROJECT_VERSION = 1;
				DEVELOPMENT_ASSET_PATHS = "\"AssignmentClapingo/Preview Content\"";
				DEVELOPMENT_TEAM = N62N447LUW;
				ENABLE_PREVIEWS = YES;
				GENERATE_INFOPLIST_FILE = YES;
				INFOPLIST_FILE = AssignmentClapingo/Info.plist;
				INFOPLIST_KEY_UIApplicationSceneManifest_Generation = YES;
				INFOPLIST_KEY_UIApplicationSupportsIndirectInputEvents = YES;
				INFOPLIST_KEY_UILaunchScreen_Generation = YES;
				INFOPLIST_KEY_UISupportedInterfaceOrientations_iPad = "UIInterfaceOrientationPortrait UIInterfaceOrientationPortraitUpsideDown UIInterfaceOrientationLandscapeLeft UIInterfaceOrientationLandscapeRight";
				INFOPLIST_KEY_UISupportedInterfaceOrientations_iPhone = "UIInterfaceOrientationPortrait UIInterfaceOrientationLandscapeLeft UIInterfaceOrientationLandscapeRight";
				LD_RUNPATH_SEARCH_PATHS = (
					"$(inherited)",
					"@executable_path/Frameworks",
				);
				MARKETING_VERSION = 1.0;
				PRODUCT_BUNDLE_IDENTIFIER = com.openAI.AssignmentClapingo;
				PRODUCT_NAME = "$(TARGET_NAME)";
				SWIFT_EMIT_LOC_STRINGS = YES;
				SWIFT_VERSION = 5.0;
				TARGETED_DEVICE_FAMILY = "1,2";
			};
			name = Debug;
		};
		5C10CC362B9AF1A900EC13AA /* Release */ = {
			isa = XCBuildConfiguration;
			buildSettings = {
				ASSETCATALOG_COMPILER_APPICON_NAME = AppIcon;
				ASSETCATALOG_COMPILER_GLOBAL_ACCENT_COLOR_NAME = AccentColor;
				CODE_SIGN_STYLE = Automatic;
				CURRENT_PROJECT_VERSION = 1;
				DEVELOPMENT_ASSET_PATHS = "\"AssignmentClapingo/Preview Content\"";
				DEVELOPMENT_TEAM = N62N447LUW;
				ENABLE_PREVIEWS = YES;
				GENERATE_INFOPLIST_FILE = YES;
				INFOPLIST_FILE = AssignmentClapingo/Info.plist;
				INFOPLIST_KEY_UIApplicationSceneManifest_Generation = YES;
				INFOPLIST_KEY_UIApplicationSupportsIndirectInputEvents = YES;
				INFOPLIST_KEY_UILaunchScreen_Generation = YES;
				INFOPLIST_KEY_UISupportedInterfaceOrientations_iPad = "UIInterfaceOrientationPortrait UIInterfaceOrientationPortraitUpsideDown UIInterfaceOrientationLandscapeLeft UIInterfaceOrientationLandscapeRight";
				INFOPLIST_KEY_UISupportedInterfaceOrientations_iPhone = "UIInterfaceOrientationPortrait UIInterfaceOrientationLandscapeLeft UIInterfaceOrientationLandscapeRight";
				LD_RUNPATH_SEARCH_PATHS = (
					"$(inherited)",
					"@executable_path/Frameworks",
				);
				MARKETING_VERSION = 1.0;
				PRODUCT_BUNDLE_IDENTIFIER = com.openAI.AssignmentClapingo;
				PRODUCT_NAME = "$(TARGET_NAME)";
				SWIFT_EMIT_LOC_STRINGS = YES;
				SWIFT_VERSION = 5.0;
				TARGETED_DEVICE_FAMILY = "1,2";
			};
			name = Release;
		};
/* End XCBuildConfiguration section */

/* Begin XCConfigurationList section */
		5C10CC212B9AF1A600EC13AA /* Build configuration list for PBXProject "AssignmentClapingo" */ = {
			isa = XCConfigurationList;
			buildConfigurations = (
				5C10CC322B9AF1A900EC13AA /* Debug */,
				5C10CC332B9AF1A900EC13AA /* Release */,
			);
			defaultConfigurationIsVisible = 0;
			defaultConfigurationName = Release;
		};
		5C10CC342B9AF1A900EC13AA /* Build configuration list for PBXNativeTarget "AssignmentClapingo" */ = {
			isa = XCConfigurationList;
			buildConfigurations = (
				5C10CC352B9AF1A900EC13AA /* Debug */,
				5C10CC362B9AF1A900EC13AA /* Release */,
			);
			defaultConfigurationIsVisible = 0;
			defaultConfigurationName = Release;
		};
/* End XCConfigurationList section */
	};
	rootObject = 5C10CC1E2B9AF1A600EC13AA /* Project object */;
}
